
Microsoft Visual Studio Solution File, Format Version 12.00
# Visual Studio 15
VisualStudioVersion = 15.0.28307.1401
MinimumVisualStudioVersion = 10.0.40219.1
Project("{FAE04EC0-301F-11D3-BF4B-00C04F79EFBC}") = "Logger", "Logger\Logger.csproj", "{B7EA0591-4822-43A4-9903-1587C7D1D156}"
EndProject
Global
	GlobalSection(SolutionConfigurationPlatforms) = preSolution
		Debug|Any CPU = Debug|Any CPU
		Release|Any CPU = Release|Any CPU
	EndGlobalSection
	GlobalSection(ProjectConfigurationPlatforms) = postSolution
		{B7EA0591-4822-43A4-9903-1587C7D1D156}.Debug|Any CPU.ActiveCfg = Debug|Any CPU
		{B7EA0591-4822-43A4-9903-1587C7D1D156}.Debug|Any CPU.Build.0 = Debug|Any CPU
		{B7EA0591-4822-43A4-9903-1587C7D1D156}.Release|Any CPU.ActiveCfg = Release|Any CPU
		{B7EA0591-4822-43A4-9903-1587C7D1D156}.Release|Any CPU.Build.0 = Release|Any CPU
	EndGlobalSection
	GlobalSection(SolutionProperties) = preSolution
		HideSolutionNode = FALSE
	EndGlobalSection
	GlobalSection(ExtensibilityGlobals) = postSolution
		SolutionGuid = {F350091A-7AD8-4C16-BF60-C328088E039E}
	EndGlobalSection
EndGlobal
